# This file is automatically @generated by Cargo.
# It is not intended for manual editing.
version = 3

[[package]]
name = "ch03_struct_enum"
version = "0.1.0"

[[package]]
name = "ch04_results_options"
version = "0.1.0"

[[package]]
name = "udemy_ds_algorithms"
version = "0.1.0"
dependencies = [
 "ch03_struct_enum",
 "ch04_results_options",
]
